
Microsoft Visual Studio Solution File, Format Version 12.00
# Visual Studio Version 16
VisualStudioVersion = 16.0.30011.22
MinimumVisualStudioVersion = 10.0.40219.1
Project("{FAE04EC0-301F-11D3-BF4B-00C04F79EFBC}") = "Sierpinski Triangle", "WindowsFormsScratchpad\Sierpinski Triangle.csproj", "{8B1C8CAF-0D54-4251-A3A9-E945C3A47CAC}"
EndProject
Global
	GlobalSection(SolutionConfigurationPlatforms) = preSolution
		Debug|Any CPU = Debug|Any CPU
		Release|Any CPU = Release|Any CPU
	EndGlobalSection
	GlobalSection(ProjectConfigurationPlatforms) = postSolution
		{8B1C8CAF-0D54-4251-A3A9-E945C3A47CAC}.Debug|Any CPU.ActiveCfg = Debug|Any CPU
		{8B1C8CAF-0D54-4251-A3A9-E945C3A47CAC}.Debug|Any CPU.Build.0 = Debug|Any CPU
		{8B1C8CAF-0D54-4251-A3A9-E945C3A47CAC}.Release|Any CPU.ActiveCfg = Release|Any CPU
		{8B1C8CAF-0D54-4251-A3A9-E945C3A47CAC}.Release|Any CPU.Build.0 = Release|Any CPU
	EndGlobalSection
	GlobalSection(SolutionProperties) = preSolution
		HideSolutionNode = FALSE
	EndGlobalSection
	GlobalSection(ExtensibilityGlobals) = postSolution
		SolutionGuid = {6F0C4067-EAD4-4691-B938-7E2745FDBFAC}
	EndGlobalSection
EndGlobal
